<?xml version="1.0" encoding="utf-8"?>
<Project ToolsVersion="4.0" xmlns="http://schemas.microsoft.com/developer/msbuild/2003">
  <ItemGroup>
    <ClCompile Include="..\src\main.cpp" />
    <ClCompile Include="..\src\app\datApplication.cpp">
      <Filter>app</Filter>
    </ClCompile>
    <ClCompile Include="..\src\tools\datPlaceTextTool.cpp">
      <Filter>tools</Filter>
    </ClCompile>
    <ClCompile Include="..\src\tools\datToolManager.cpp">
      <Filter>tools</Filter>
    </ClCompile>
    <ClCompile Include="..\src\tools\datPlacePolylineTool.cpp">
      <Filter>tools</Filter>
    </ClCompile>
    <ClCompile Include="..\src\tools\datSelectTool.cpp">
      <Filter>tools</Filter>
    </ClCompile>
    <ClCompile Include="..\src\core\datUtilities.cpp">
      <Filter>core</Filter>
    </ClCompile>
    <ClCompile Include="..\src\core\datGeometry.cpp">
      <Filter>core</Filter>
    </ClCompile>
    <ClCompile Include="..\src\ui\datView.cpp">
      <Filter>ui</Filter>
    </ClCompile>
    <ClCompile Include="..\src\ui\datViewManager.cpp">
      <Filter>ui</Filter>
    </ClCompile>
    <ClCompile Include="..\src\ui\datButton.cpp">
      <Filter>ui</Filter>
    </ClCompile>
    <ClCompile Include="..\src\core\datRenderer.cpp">
      <Filter>core</Filter>
    </ClCompile>
    <ClCompile Include="..\src\core\datTextString.cpp">
      <Filter>core</Filter>
    </ClCompile>
    <ClCompile Include="..\src\core\datImage.cpp">
      <Filter>core</Filter>
    </ClCompile>
    <ClCompile Include="..\src\tools\datPlaceImageTool.cpp">
      <Filter>tools</Filter>
    </ClCompile>
    <ClCompile Include="..\src\tools\datExportImageTool.cpp">
      <Filter>tools</Filter>
    </ClCompile>
    <ClCompile Include="..\src\libs\of_v0.9.8_vs_release\addons\ofxGui\src\ofxBaseGui.cpp">
      <Filter>addons\ofxGui</Filter>
    </ClCompile>
    <ClCompile Include="..\src\libs\of_v0.9.8_vs_release\addons\ofxGui\src\ofxButton.cpp">
      <Filter>addons\ofxGui</Filter>
    </ClCompile>
    <ClCompile Include="..\src\libs\of_v0.9.8_vs_release\addons\ofxGui\src\ofxGuiGroup.cpp">
      <Filter>addons\ofxGui</Filter>
    </ClCompile>
    <ClCompile Include="..\src\libs\of_v0.9.8_vs_release\addons\ofxGui\src\ofxLabel.cpp">
      <Filter>addons\ofxGui</Filter>
    </ClCompile>
    <ClCompile Include="..\src\libs\of_v0.9.8_vs_release\addons\ofxGui\src\ofxPanel.cpp">
      <Filter>addons\ofxGui</Filter>
    </ClCompile>
    <ClCompile Include="..\src\libs\of_v0.9.8_vs_release\addons\ofxGui\src\ofxSlider.cpp">
      <Filter>addons\ofxGui</Filter>
    </ClCompile>
    <ClCompile Include="..\src\libs\of_v0.9.8_vs_release\addons\ofxGui\src\ofxSliderGroup.cpp">
      <Filter>addons\ofxGui</Filter>
    </ClCompile>
    <ClCompile Include="..\src\libs\of_v0.9.8_vs_release\addons\ofxGui\src\ofxToggle.cpp">
      <Filter>addons\ofxGui</Filter>
    </ClCompile>
    <ClCompile Include="..\src\ui\datofxRadioButton.cpp">
      <Filter>ui</Filter>
    </ClCompile>
    <ClCompile Include="..\src\core\datBoundingBox.cpp">
      <Filter>core</Filter>
    </ClCompile>
    <ClCompile Include="..\src\libs\of_v0.9.8_vs_release\addons\ofxAssimpModelLoader\src\ofxAssimpAnimation.cpp">
      <Filter>addons\ofxAssimpModelLoader</Filter>
    </ClCompile>
    <ClCompile Include="..\src\libs\of_v0.9.8_vs_release\addons\ofxAssimpModelLoader\src\ofxAssimpMeshHelper.cpp">
      <Filter>addons\ofxAssimpModelLoader</Filter>
    </ClCompile>
    <ClCompile Include="..\src\libs\of_v0.9.8_vs_release\addons\ofxAssimpModelLoader\src\ofxAssimpModelLoader.cpp">
      <Filter>addons\ofxAssimpModelLoader</Filter>
    </ClCompile>
    <ClCompile Include="..\src\libs\of_v0.9.8_vs_release\addons\ofxAssimpModelLoader\src\ofxAssimpTexture.cpp">
      <Filter>addons\ofxAssimpModelLoader</Filter>
    </ClCompile>
    <ClCompile Include="..\src\core\datSelectionSet.cpp">
      <Filter>core</Filter>
    </ClCompile>
    <ClCompile Include="..\src\tools\datEditAttributesTool.cpp">
      <Filter>tools</Filter>
    </ClCompile>
    <ClCompile Include="..\src\tools\datPlaceModelTool.cpp">
      <Filter>tools</Filter>
    </ClCompile>
  </ItemGroup>
  <ItemGroup>
    <Filter Include="app">
      <UniqueIdentifier>{0a1ff77a-af01-4155-8b5a-bd0231811ccc}</UniqueIdentifier>
    </Filter>
    <Filter Include="ui">
      <UniqueIdentifier>{708bde26-b00a-4330-ae4c-8fa443fbaf79}</UniqueIdentifier>
    </Filter>
    <Filter Include="tools">
      <UniqueIdentifier>{0ee52444-5d94-4692-8019-de58ed9b09e0}</UniqueIdentifier>
    </Filter>
    <Filter Include="core">
      <UniqueIdentifier>{5c964b3e-0d15-48c9-97b9-237f32ac497b}</UniqueIdentifier>
    </Filter>
    <Filter Include="addons">
      <UniqueIdentifier>{da6eefea-0f2b-4b12-bfac-217c15ea8d26}</UniqueIdentifier>
    </Filter>
    <Filter Include="addons\ofxGui">
      <UniqueIdentifier>{605d090e-01e7-4533-a313-597ceb9263a8}</UniqueIdentifier>
    </Filter>
    <Filter Include="addons\ofxAssimpModelLoader">
      <UniqueIdentifier>{8a6dfe44-f9fd-4151-8063-d0298a23bc3a}</UniqueIdentifier>
    </Filter>
  </ItemGroup>
  <ItemGroup>
    <ClInclude Include="..\src\app\datApplication.h">
      <Filter>app</Filter>
    </ClInclude>
    <ClInclude Include="..\src\tools\datPlacePolylineTool.h">
      <Filter>tools</Filter>
    </ClInclude>
    <ClInclude Include="..\src\tools\datPlaceTextTool.h">
      <Filter>tools</Filter>
    </ClInclude>
    <ClInclude Include="..\src\tools\datTool.h">
      <Filter>tools</Filter>
    </ClInclude>
    <ClInclude Include="..\src\tools\datToolManager.h">
      <Filter>tools</Filter>
    </ClInclude>
    <ClInclude Include="..\src\tools\datSelectTool.h">
      <Filter>tools</Filter>
    </ClInclude>
    <ClInclude Include="..\src\core\datLocalization.h">
      <Filter>core</Filter>
    </ClInclude>
    <ClInclude Include="..\src\core\datNonCopyableClass.h">
      <Filter>core</Filter>
    </ClInclude>
    <ClInclude Include="..\src\core\datUtilities.h">
      <Filter>core</Filter>
    </ClInclude>
    <ClInclude Include="..\src\ui\datView.h">
      <Filter>ui</Filter>
    </ClInclude>
    <ClInclude Include="..\src\ui\datViewManager.h">
      <Filter>ui</Filter>
    </ClInclude>
    <ClInclude Include="..\src\ui\datButton.h">
      <Filter>ui</Filter>
    </ClInclude>
    <ClInclude Include="..\src\core\datEvents.h">
      <Filter>core</Filter>
    </ClInclude>
    <ClInclude Include="..\src\core\datGeometry.h">
      <Filter>core</Filter>
    </ClInclude>
    <ClInclude Include="..\src\core\datRenderer.h">
      <Filter>core</Filter>
    </ClInclude>
    <ClInclude Include="..\src\core\datTextString.h">
      <Filter>core</Filter>
    </ClInclude>
    <ClInclude Include="..\src\core\datImage.h">
      <Filter>core</Filter>
    </ClInclude>
    <ClInclude Include="..\src\core\datCore.h">
      <Filter>core</Filter>
    </ClInclude>
    <ClInclude Include="..\src\tools\datPlaceImageTool.h">
      <Filter>tools</Filter>
    </ClInclude>
    <ClInclude Include="..\src\tools\datExportImageTool.h">
      <Filter>tools</Filter>
    </ClInclude>
    <ClInclude Include="..\src\libs\of_v0.9.8_vs_release\addons\ofxGui\src\ofxBaseGui.h">
      <Filter>addons\ofxGui</Filter>
    </ClInclude>
    <ClInclude Include="..\src\libs\of_v0.9.8_vs_release\addons\ofxGui\src\ofxButton.h">
      <Filter>addons\ofxGui</Filter>
    </ClInclude>
    <ClInclude Include="..\src\libs\of_v0.9.8_vs_release\addons\ofxGui\src\ofxGui.h">
      <Filter>addons\ofxGui</Filter>
    </ClInclude>
    <ClInclude Include="..\src\libs\of_v0.9.8_vs_release\addons\ofxGui\src\ofxGuiGroup.h">
      <Filter>addons\ofxGui</Filter>
    </ClInclude>
    <ClInclude Include="..\src\libs\of_v0.9.8_vs_release\addons\ofxGui\src\ofxLabel.h">
      <Filter>addons\ofxGui</Filter>
    </ClInclude>
    <ClInclude Include="..\src\libs\of_v0.9.8_vs_release\addons\ofxGui\src\ofxPanel.h">
      <Filter>addons\ofxGui</Filter>
    </ClInclude>
    <ClInclude Include="..\src\libs\of_v0.9.8_vs_release\addons\ofxGui\src\ofxSlider.h">
      <Filter>addons\ofxGui</Filter>
    </ClInclude>
    <ClInclude Include="..\src\libs\of_v0.9.8_vs_release\addons\ofxGui\src\ofxSliderGroup.h">
      <Filter>addons\ofxGui</Filter>
    </ClInclude>
    <ClInclude Include="..\src\libs\of_v0.9.8_vs_release\addons\ofxGui\src\ofxToggle.h">
      <Filter>addons\ofxGui</Filter>
    </ClInclude>
    <ClInclude Include="..\src\ui\datofxRadioButton.h">
      <Filter>ui</Filter>
    </ClInclude>
    <ClInclude Include="..\src\core\datDependencies.h">
      <Filter>core</Filter>
    </ClInclude>
    <ClInclude Include="..\src\core\datBoundingBox.h">
      <Filter>core</Filter>
    </ClInclude>
    <ClInclude Include="..\src\libs\of_v0.9.8_vs_release\addons\ofxAssimpModelLoader\src\ofxAssimpAnimation.h">
      <Filter>addons\ofxAssimpModelLoader</Filter>
    </ClInclude>
    <ClInclude Include="..\src\libs\of_v0.9.8_vs_release\addons\ofxAssimpModelLoader\src\ofxAssimpMeshHelper.h">
      <Filter>addons\ofxAssimpModelLoader</Filter>
    </ClInclude>
    <ClInclude Include="..\src\libs\of_v0.9.8_vs_release\addons\ofxAssimpModelLoader\src\ofxAssimpModelLoader.h">
      <Filter>addons\ofxAssimpModelLoader</Filter>
    </ClInclude>
    <ClInclude Include="..\src\libs\of_v0.9.8_vs_release\addons\ofxAssimpModelLoader\src\ofxAssimpTexture.h">
      <Filter>addons\ofxAssimpModelLoader</Filter>
    </ClInclude>
    <ClInclude Include="..\src\libs\of_v0.9.8_vs_release\addons\ofxAssimpModelLoader\src\ofxAssimpUtils.h">
      <Filter>addons\ofxAssimpModelLoader</Filter>
    </ClInclude>
    <ClInclude Include="..\src\core\datSelectionSet.h">
      <Filter>core</Filter>
    </ClInclude>
    <ClInclude Include="..\src\tools\datEditAttributesTool.h">
      <Filter>tools</Filter>
    </ClInclude>
    <ClInclude Include="..\src\tools\datPlaceModelTool.h">
      <Filter>tools</Filter>
    </ClInclude>
  </ItemGroup>
</Project>